
Microsoft Visual Studio Solution File, Format Version 12.00
# Visual Studio Version 17
VisualStudioVersion = 17.8.34004.107
MinimumVisualStudioVersion = 10.0.40219.1
Project("{FAE04EC0-301F-11D3-BF4B-00C04F79EFBC}") = "Games.API", "Games.API\Games.API.csproj", "{02058BDC-8130-483E-931E-1737A9440339}"
EndProject
Global
	GlobalSection(SolutionConfigurationPlatforms) = preSolution
		Debug|Any CPU = Debug|Any CPU
		Release|Any CPU = Release|Any CPU
	EndGlobalSection
	GlobalSection(ProjectConfigurationPlatforms) = postSolution
		{02058BDC-8130-483E-931E-1737A9440339}.Debug|Any CPU.ActiveCfg = Debug|Any CPU
		{02058BDC-8130-483E-931E-1737A9440339}.Debug|Any CPU.Build.0 = Debug|Any CPU
		{02058BDC-8130-483E-931E-1737A9440339}.Release|Any CPU.ActiveCfg = Release|Any CPU
		{02058BDC-8130-483E-931E-1737A9440339}.Release|Any CPU.Build.0 = Release|Any CPU
	EndGlobalSection
	GlobalSection(SolutionProperties) = preSolution
		HideSolutionNode = FALSE
	EndGlobalSection
	GlobalSection(ExtensibilityGlobals) = postSolution
		SolutionGuid = {6F42AEF1-878B-43F9-ACA3-4034AC94D32F}
	EndGlobalSection
EndGlobal
